<?xml version="1.0" encoding="utf-8"?>
<Project ToolsVersion="4.0" xmlns="http://schemas.microsoft.com/developer/msbuild/2003">
  <ItemGroup>
    <Filter Include="Zengine">
      <UniqueIdentifier>{75D05207-E1AF-D1A2-EAC7-5C7956263804}</UniqueIdentifier>
    </Filter>
    <Filter Include="Zengine\Events">
      <UniqueIdentifier>{B9C69499-A594-889F-8E28-F9C57A956404}</UniqueIdentifier>
    </Filter>
  </ItemGroup>
  <ItemGroup>
    <ClInclude Include="src\Zengine.h" />
    <ClInclude Include="src\Zengine\Application.h">
      <Filter>Zengine</Filter>
    </ClInclude>
    <ClInclude Include="src\Zengine\Core.h">
      <Filter>Zengine</Filter>
    </ClInclude>
    <ClInclude Include="src\Zengine\EntryPoint.h">
      <Filter>Zengine</Filter>
    </ClInclude>
    <ClInclude Include="src\Zengine\Events\ApplicationEvent.h">
      <Filter>Zengine\Events</Filter>
    </ClInclude>
    <ClInclude Include="src\Zengine\Events\Event.h">
      <Filter>Zengine\Events</Filter>
    </ClInclude>
    <ClInclude Include="src\Zengine\Events\KeyEvent.h">
      <Filter>Zengine\Events</Filter>
    </ClInclude>
    <ClInclude Include="src\Zengine\Events\MouseEvent.h">
      <Filter>Zengine\Events</Filter>
    </ClInclude>
    <ClInclude Include="src\Zengine\Events\WindowEvent.h">
      <Filter>Zengine\Events</Filter>
    </ClInclude>
    <ClInclude Include="src\Zengine\Log.h">
      <Filter>Zengine</Filter>
    </ClInclude>
  </ItemGroup>
  <ItemGroup>
    <ClCompile Include="src\Zengine\Application.cpp">
      <Filter>Zengine</Filter>
    </ClCompile>
    <ClCompile Include="src\Zengine\Log.cpp">
      <Filter>Zengine</Filter>
    </ClCompile>
  </ItemGroup>
</Project>